
Microsoft Visual Studio Solution File, Format Version 11.00
# Visual Studio 2010
Project("{FAE04EC0-301F-11D3-BF4B-00C04F79EFBC}") = "Web.Application", "Web.Application\Web.Application.csproj", "{682CB37B-6068-45B4-80A3-251FDA670010}"
EndProject
Project("{FAE04EC0-301F-11D3-BF4B-00C04F79EFBC}") = "Service.Login", "Service.Login\Service.Login.csproj", "{8CC3C20A-573A-45FC-86F5-4852374EC302}"
EndProject
Project("{FAE04EC0-301F-11D3-BF4B-00C04F79EFBC}") = "Service.Branding", "Service.Branding\Service.Branding.csproj", "{F77D6A1A-B23F-412F-A61F-318651B49A6D}"
EndProject
Project("{FAE04EC0-301F-11D3-BF4B-00C04F79EFBC}") = "Web.Modularity", "Web.Modularity\Web.Modularity.csproj", "{F4D6FCA7-6AA0-4DC6-88F5-587F90644526}"
EndProject
Project("{FAE04EC0-301F-11D3-BF4B-00C04F79EFBC}") = "Service.Stock", "Service.Stock\Service.Stock.csproj", "{63BF1F71-76D6-4110-84E3-1033FDFCA664}"
EndProject
Project("{2150E333-8FDC-42A3-9474-1A3956D46DE8}") = ".nuget", ".nuget", "{0478F194-634F-4058-B104-44A565D32CC3}"
	ProjectSection(SolutionItems) = preProject
		.nuget\NuGet.exe = .nuget\NuGet.exe
		.nuget\NuGet.targets = .nuget\NuGet.targets
	EndProjectSection
EndProject
Project("{FAE04EC0-301F-11D3-BF4B-00C04F79EFBC}") = "Service.Sterbefall", "Service.Sterbefall\Service.Sterbefall.csproj", "{3E4283AE-A693-4DAF-A2B9-323669CDA199}"
EndProject
Project("{FAE04EC0-301F-11D3-BF4B-00C04F79EFBC}") = "Service.Sterbefall.Host", "Service.Sterbefall.Host\Service.Sterbefall.Host.csproj", "{3267EE6F-6EC1-4285-BAE0-380ADC24C04B}"
EndProject
Project("{FAE04EC0-301F-11D3-BF4B-00C04F79EFBC}") = "Service.Sterbefall.Contracts", "Service.Sterbefall.Contracts\Service.Sterbefall.Contracts.csproj", "{50ED36B4-9BCD-4637-91B7-D9F5CC87F729}"
EndProject
Project("{FAE04EC0-301F-11D3-BF4B-00C04F79EFBC}") = "RavenDbStarter", "RavenDbStarter\RavenDbStarter.csproj", "{1968AD21-F76F-40F8-AF8E-BA020487A28E}"
EndProject
Project("{FAE04EC0-301F-11D3-BF4B-00C04F79EFBC}") = "Infrastructure", "Infrastructure\Infrastructure.csproj", "{CEB053B7-4DD6-4C32-A81E-C6F0FF22FA69}"
EndProject
Project("{FAE04EC0-301F-11D3-BF4B-00C04F79EFBC}") = "Service.Einaescherung", "Service.Einaescherung\Service.Einaescherung.csproj", "{19180BA0-E051-48DD-BE31-1E1146131E06}"
EndProject
Global
	GlobalSection(SolutionConfigurationPlatforms) = preSolution
		Debug|Any CPU = Debug|Any CPU
		Release|Any CPU = Release|Any CPU
	EndGlobalSection
	GlobalSection(ProjectConfigurationPlatforms) = postSolution
		{682CB37B-6068-45B4-80A3-251FDA670010}.Debug|Any CPU.ActiveCfg = Debug|Any CPU
		{682CB37B-6068-45B4-80A3-251FDA670010}.Debug|Any CPU.Build.0 = Debug|Any CPU
		{682CB37B-6068-45B4-80A3-251FDA670010}.Release|Any CPU.ActiveCfg = Release|Any CPU
		{682CB37B-6068-45B4-80A3-251FDA670010}.Release|Any CPU.Build.0 = Release|Any CPU
		{8CC3C20A-573A-45FC-86F5-4852374EC302}.Debug|Any CPU.ActiveCfg = Debug|Any CPU
		{8CC3C20A-573A-45FC-86F5-4852374EC302}.Debug|Any CPU.Build.0 = Debug|Any CPU
		{8CC3C20A-573A-45FC-86F5-4852374EC302}.Release|Any CPU.ActiveCfg = Release|Any CPU
		{8CC3C20A-573A-45FC-86F5-4852374EC302}.Release|Any CPU.Build.0 = Release|Any CPU
		{F77D6A1A-B23F-412F-A61F-318651B49A6D}.Debug|Any CPU.ActiveCfg = Debug|Any CPU
		{F77D6A1A-B23F-412F-A61F-318651B49A6D}.Debug|Any CPU.Build.0 = Debug|Any CPU
		{F77D6A1A-B23F-412F-A61F-318651B49A6D}.Release|Any CPU.ActiveCfg = Release|Any CPU
		{F77D6A1A-B23F-412F-A61F-318651B49A6D}.Release|Any CPU.Build.0 = Release|Any CPU
		{F4D6FCA7-6AA0-4DC6-88F5-587F90644526}.Debug|Any CPU.ActiveCfg = Debug|Any CPU
		{F4D6FCA7-6AA0-4DC6-88F5-587F90644526}.Debug|Any CPU.Build.0 = Debug|Any CPU
		{F4D6FCA7-6AA0-4DC6-88F5-587F90644526}.Release|Any CPU.ActiveCfg = Release|Any CPU
		{F4D6FCA7-6AA0-4DC6-88F5-587F90644526}.Release|Any CPU.Build.0 = Release|Any CPU
		{63BF1F71-76D6-4110-84E3-1033FDFCA664}.Debug|Any CPU.ActiveCfg = Debug|Any CPU
		{63BF1F71-76D6-4110-84E3-1033FDFCA664}.Debug|Any CPU.Build.0 = Debug|Any CPU
		{63BF1F71-76D6-4110-84E3-1033FDFCA664}.Release|Any CPU.ActiveCfg = Release|Any CPU
		{63BF1F71-76D6-4110-84E3-1033FDFCA664}.Release|Any CPU.Build.0 = Release|Any CPU
		{3E4283AE-A693-4DAF-A2B9-323669CDA199}.Debug|Any CPU.ActiveCfg = Debug|Any CPU
		{3E4283AE-A693-4DAF-A2B9-323669CDA199}.Debug|Any CPU.Build.0 = Debug|Any CPU
		{3E4283AE-A693-4DAF-A2B9-323669CDA199}.Release|Any CPU.ActiveCfg = Release|Any CPU
		{3E4283AE-A693-4DAF-A2B9-323669CDA199}.Release|Any CPU.Build.0 = Release|Any CPU
		{3267EE6F-6EC1-4285-BAE0-380ADC24C04B}.Debug|Any CPU.ActiveCfg = Debug|Any CPU
		{3267EE6F-6EC1-4285-BAE0-380ADC24C04B}.Debug|Any CPU.Build.0 = Debug|Any CPU
		{3267EE6F-6EC1-4285-BAE0-380ADC24C04B}.Release|Any CPU.ActiveCfg = Release|Any CPU
		{3267EE6F-6EC1-4285-BAE0-380ADC24C04B}.Release|Any CPU.Build.0 = Release|Any CPU
		{50ED36B4-9BCD-4637-91B7-D9F5CC87F729}.Debug|Any CPU.ActiveCfg = Debug|Any CPU
		{50ED36B4-9BCD-4637-91B7-D9F5CC87F729}.Debug|Any CPU.Build.0 = Debug|Any CPU
		{50ED36B4-9BCD-4637-91B7-D9F5CC87F729}.Release|Any CPU.ActiveCfg = Release|Any CPU
		{50ED36B4-9BCD-4637-91B7-D9F5CC87F729}.Release|Any CPU.Build.0 = Release|Any CPU
		{1968AD21-F76F-40F8-AF8E-BA020487A28E}.Debug|Any CPU.ActiveCfg = Debug|Any CPU
		{1968AD21-F76F-40F8-AF8E-BA020487A28E}.Debug|Any CPU.Build.0 = Debug|Any CPU
		{1968AD21-F76F-40F8-AF8E-BA020487A28E}.Release|Any CPU.ActiveCfg = Release|Any CPU
		{1968AD21-F76F-40F8-AF8E-BA020487A28E}.Release|Any CPU.Build.0 = Release|Any CPU
		{CEB053B7-4DD6-4C32-A81E-C6F0FF22FA69}.Debug|Any CPU.ActiveCfg = Debug|Any CPU
		{CEB053B7-4DD6-4C32-A81E-C6F0FF22FA69}.Debug|Any CPU.Build.0 = Debug|Any CPU
		{CEB053B7-4DD6-4C32-A81E-C6F0FF22FA69}.Release|Any CPU.ActiveCfg = Release|Any CPU
		{CEB053B7-4DD6-4C32-A81E-C6F0FF22FA69}.Release|Any CPU.Build.0 = Release|Any CPU
		{19180BA0-E051-48DD-BE31-1E1146131E06}.Debug|Any CPU.ActiveCfg = Debug|Any CPU
		{19180BA0-E051-48DD-BE31-1E1146131E06}.Debug|Any CPU.Build.0 = Debug|Any CPU
		{19180BA0-E051-48DD-BE31-1E1146131E06}.Release|Any CPU.ActiveCfg = Release|Any CPU
		{19180BA0-E051-48DD-BE31-1E1146131E06}.Release|Any CPU.Build.0 = Release|Any CPU
	EndGlobalSection
	GlobalSection(SolutionProperties) = preSolution
		HideSolutionNode = FALSE
	EndGlobalSection
EndGlobal
